
Microsoft Visual Studio Solution File, Format Version 12.00
# Visual Studio 2017
Project("{FAE04EC0-301F-11D3-BF4B-00C04F79EFBC}") = "2DRunner", "2DRunner.csproj", "{CA5F923C-4F57-BF7F-518E-60E4B3C83887}"
EndProject
Global
	GlobalSection(SolutionConfigurationPlatforms) = preSolution
		Debug|Any CPU = Debug|Any CPU
		Release|Any CPU = Release|Any CPU
	EndGlobalSection
	GlobalSection(ProjectConfigurationPlatforms) = postSolution
		{CA5F923C-4F57-BF7F-518E-60E4B3C83887}.Debug|Any CPU.ActiveCfg = Debug|Any CPU
		{CA5F923C-4F57-BF7F-518E-60E4B3C83887}.Debug|Any CPU.Build.0 = Debug|Any CPU
		{CA5F923C-4F57-BF7F-518E-60E4B3C83887}.Release|Any CPU.ActiveCfg = Release|Any CPU
		{CA5F923C-4F57-BF7F-518E-60E4B3C83887}.Release|Any CPU.Build.0 = Release|Any CPU
	EndGlobalSection
	GlobalSection(SolutionProperties) = preSolution
		HideSolutionNode = FALSE
	EndGlobalSection
EndGlobal
